
Microsoft Visual Studio Solution File, Format Version 12.00
# Visual Studio Version 17
VisualStudioVersion = 17.13.35931.197
MinimumVisualStudioVersion = 10.0.40219.1
Project("{8BC9CEB8-8B4A-11D0-8D11-00A0C91BC942}") = "ScreenShareHost", "RemoteCtrl\RemoteCtrl.vcxproj", "{FCEB919E-005E-498E-987F-FFB574426105}"
EndProject
Project("{8BC9CEB8-8B4A-11D0-8D11-00A0C91BC942}") = "ScreenShareViewer", "RemoteClient\RemoteClient.vcxproj", "{533FAB59-4BC3-149E-9558-9A012AF1739A}"
EndProject
Project("{8BC9CEB8-8B4A-11D0-8D11-00A0C91BC942}") = "PacketTests", "PacketTests\PacketTests.vcxproj", "{E1D35A16-9C54-4D9B-8C8F-1A72AF0C9411}"
EndProject
Global
	GlobalSection(SolutionConfigurationPlatforms) = preSolution
		Debug|x64 = Debug|x64
		Debug|x86 = Debug|x86
		Release|x64 = Release|x64
		Release|x86 = Release|x86
	EndGlobalSection
	GlobalSection(ProjectConfigurationPlatforms) = postSolution
		{FCEB919E-005E-498E-987F-FFB574426105}.Debug|x64.ActiveCfg = Debug|x64
		{FCEB919E-005E-498E-987F-FFB574426105}.Debug|x64.Build.0 = Debug|x64
		{FCEB919E-005E-498E-987F-FFB574426105}.Debug|x86.ActiveCfg = Debug|Win32
		{FCEB919E-005E-498E-987F-FFB574426105}.Debug|x86.Build.0 = Debug|Win32
		{FCEB919E-005E-498E-987F-FFB574426105}.Release|x64.ActiveCfg = Release|x64
		{FCEB919E-005E-498E-987F-FFB574426105}.Release|x64.Build.0 = Release|x64
		{FCEB919E-005E-498E-987F-FFB574426105}.Release|x86.ActiveCfg = Release|Win32
		{FCEB919E-005E-498E-987F-FFB574426105}.Release|x86.Build.0 = Release|Win32
		{533FAB59-4BC3-149E-9558-9A012AF1739A}.Debug|x64.ActiveCfg = Debug|x64
		{533FAB59-4BC3-149E-9558-9A012AF1739A}.Debug|x64.Build.0 = Debug|x64
		{533FAB59-4BC3-149E-9558-9A012AF1739A}.Debug|x86.ActiveCfg = Debug|Win32
		{533FAB59-4BC3-149E-9558-9A012AF1739A}.Debug|x86.Build.0 = Debug|Win32
		{533FAB59-4BC3-149E-9558-9A012AF1739A}.Release|x64.ActiveCfg = Release|x64
		{533FAB59-4BC3-149E-9558-9A012AF1739A}.Release|x64.Build.0 = Release|x64
		{533FAB59-4BC3-149E-9558-9A012AF1739A}.Release|x86.ActiveCfg = Release|Win32
		{533FAB59-4BC3-149E-9558-9A012AF1739A}.Release|x86.Build.0 = Release|Win32
		{E1D35A16-9C54-4D9B-8C8F-1A72AF0C9411}.Debug|x64.ActiveCfg = Debug|x64
		{E1D35A16-9C54-4D9B-8C8F-1A72AF0C9411}.Debug|x64.Build.0 = Debug|x64
		{E1D35A16-9C54-4D9B-8C8F-1A72AF0C9411}.Debug|x86.ActiveCfg = Debug|Win32
		{E1D35A16-9C54-4D9B-8C8F-1A72AF0C9411}.Debug|x86.Build.0 = Debug|Win32
		{E1D35A16-9C54-4D9B-8C8F-1A72AF0C9411}.Release|x64.ActiveCfg = Release|x64
		{E1D35A16-9C54-4D9B-8C8F-1A72AF0C9411}.Release|x64.Build.0 = Release|x64
		{E1D35A16-9C54-4D9B-8C8F-1A72AF0C9411}.Release|x86.ActiveCfg = Release|Win32
		{E1D35A16-9C54-4D9B-8C8F-1A72AF0C9411}.Release|x86.Build.0 = Release|Win32
	EndGlobalSection
	GlobalSection(SolutionProperties) = preSolution
		HideSolutionNode = FALSE
	EndGlobalSection
	GlobalSection(ExtensibilityGlobals) = postSolution
		SolutionGuid = {DA369794-418E-47BD-B06D-16A02F97E3C9}
	EndGlobalSection
EndGlobal
